
Microsoft Visual Studio Solution File, Format Version 12.00
# Visual Studio Version 17
VisualStudioVersion = 17.10.34928.147
MinimumVisualStudioVersion = 10.0.40219.1
Project("{FAE04EC0-301F-11D3-BF4B-00C04F79EFBC}") = "Daily-Diary", "Daily-Diary\Daily-Diary.csproj", "{493F0D8D-3AA4-43CF-BAEB-DB3EEFFFA3CE}"
EndProject
Project("{FAE04EC0-301F-11D3-BF4B-00C04F79EFBC}") = "DiaryManagerTests", "DiaryManagerTests\DiaryManagerTests.csproj", "{9471036D-66AE-48F4-AB07-106C5764FF36}"
EndProject
Global
	GlobalSection(SolutionConfigurationPlatforms) = preSolution
		Debug|Any CPU = Debug|Any CPU
		Release|Any CPU = Release|Any CPU
	EndGlobalSection
	GlobalSection(ProjectConfigurationPlatforms) = postSolution
		{493F0D8D-3AA4-43CF-BAEB-DB3EEFFFA3CE}.Debug|Any CPU.ActiveCfg = Debug|Any CPU
		{493F0D8D-3AA4-43CF-BAEB-DB3EEFFFA3CE}.Debug|Any CPU.Build.0 = Debug|Any CPU
		{493F0D8D-3AA4-43CF-BAEB-DB3EEFFFA3CE}.Release|Any CPU.ActiveCfg = Release|Any CPU
		{493F0D8D-3AA4-43CF-BAEB-DB3EEFFFA3CE}.Release|Any CPU.Build.0 = Release|Any CPU
		{9471036D-66AE-48F4-AB07-106C5764FF36}.Debug|Any CPU.ActiveCfg = Debug|Any CPU
		{9471036D-66AE-48F4-AB07-106C5764FF36}.Debug|Any CPU.Build.0 = Debug|Any CPU
		{9471036D-66AE-48F4-AB07-106C5764FF36}.Release|Any CPU.ActiveCfg = Release|Any CPU
		{9471036D-66AE-48F4-AB07-106C5764FF36}.Release|Any CPU.Build.0 = Release|Any CPU
	EndGlobalSection
	GlobalSection(SolutionProperties) = preSolution
		HideSolutionNode = FALSE
	EndGlobalSection
	GlobalSection(ExtensibilityGlobals) = postSolution
		SolutionGuid = {C085A54F-0FA8-4A93-9CF2-75B245AD251C}
	EndGlobalSection
EndGlobal
